
Microsoft Visual Studio Solution File, Format Version 12.00
# Visual Studio 15
VisualStudioVersion = 15.0.27130.2036
MinimumVisualStudioVersion = 10.0.40219.1
Project("{FAE04EC0-301F-11D3-BF4B-00C04F79EFBC}") = "YoutubeVideoInWinForms", "YoutubeVideoInWinForms\YoutubeVideoInWinForms.csproj", "{E32713F6-23F6-4D19-A1EF-24CC15DB8A72}"
EndProject
Project("{2150E333-8FDC-42A3-9474-1A3956D46DE8}") = "Solution Items", "Solution Items", "{42F76B8F-6B3D-4E0B-82E4-754A89DACF7D}"
	ProjectSection(SolutionItems) = preProject
		..\image.png = ..\image.png
		..\README.md = ..\README.md
	EndProjectSection
EndProject
Global
	GlobalSection(SolutionConfigurationPlatforms) = preSolution
		Debug|Any CPU = Debug|Any CPU
		Release|Any CPU = Release|Any CPU
	EndGlobalSection
	GlobalSection(ProjectConfigurationPlatforms) = postSolution
		{E32713F6-23F6-4D19-A1EF-24CC15DB8A72}.Debug|Any CPU.ActiveCfg = Debug|Any CPU
		{E32713F6-23F6-4D19-A1EF-24CC15DB8A72}.Debug|Any CPU.Build.0 = Debug|Any CPU
		{E32713F6-23F6-4D19-A1EF-24CC15DB8A72}.Release|Any CPU.ActiveCfg = Release|Any CPU
		{E32713F6-23F6-4D19-A1EF-24CC15DB8A72}.Release|Any CPU.Build.0 = Release|Any CPU
	EndGlobalSection
	GlobalSection(SolutionProperties) = preSolution
		HideSolutionNode = FALSE
	EndGlobalSection
	GlobalSection(ExtensibilityGlobals) = postSolution
		SolutionGuid = {1B4B233D-45EE-4993-BF79-9496E3B1D9F2}
	EndGlobalSection
EndGlobal
